
Microsoft Visual Studio Solution File, Format Version 12.00
# Visual Studio Version 16
VisualStudioVersion = 16.0.31019.35
MinimumVisualStudioVersion = 10.0.40219.1
Project("{FAE04EC0-301F-11D3-BF4B-00C04F79EFBC}") = "TestApp.Android", "TestApp\TestApp.Android\TestApp.Android.csproj", "{09573B03-FE2C-4392-8F81-9D61033C66B8}"
EndProject
Project("{FAE04EC0-301F-11D3-BF4B-00C04F79EFBC}") = "TestApp", "TestApp\TestApp\TestApp.csproj", "{EF081230-2DE2-43CA-82EB-524DB29BDA1C}"
EndProject
Global
	GlobalSection(SolutionConfigurationPlatforms) = preSolution
		Debug|Any CPU = Debug|Any CPU
		Release|Any CPU = Release|Any CPU
	EndGlobalSection
	GlobalSection(ProjectConfigurationPlatforms) = postSolution
		{09573B03-FE2C-4392-8F81-9D61033C66B8}.Debug|Any CPU.ActiveCfg = Debug|Any CPU
		{09573B03-FE2C-4392-8F81-9D61033C66B8}.Debug|Any CPU.Build.0 = Debug|Any CPU
		{09573B03-FE2C-4392-8F81-9D61033C66B8}.Debug|Any CPU.Deploy.0 = Debug|Any CPU
		{09573B03-FE2C-4392-8F81-9D61033C66B8}.Release|Any CPU.ActiveCfg = Release|Any CPU
		{09573B03-FE2C-4392-8F81-9D61033C66B8}.Release|Any CPU.Build.0 = Release|Any CPU
		{09573B03-FE2C-4392-8F81-9D61033C66B8}.Release|Any CPU.Deploy.0 = Release|Any CPU
		{EF081230-2DE2-43CA-82EB-524DB29BDA1C}.Debug|Any CPU.ActiveCfg = Debug|Any CPU
		{EF081230-2DE2-43CA-82EB-524DB29BDA1C}.Debug|Any CPU.Build.0 = Debug|Any CPU
		{EF081230-2DE2-43CA-82EB-524DB29BDA1C}.Debug|Any CPU.Deploy.0 = Debug|Any CPU
		{EF081230-2DE2-43CA-82EB-524DB29BDA1C}.Release|Any CPU.ActiveCfg = Release|Any CPU
		{EF081230-2DE2-43CA-82EB-524DB29BDA1C}.Release|Any CPU.Build.0 = Release|Any CPU
		{EF081230-2DE2-43CA-82EB-524DB29BDA1C}.Release|Any CPU.Deploy.0 = Release|Any CPU
	EndGlobalSection
	GlobalSection(SolutionProperties) = preSolution
		HideSolutionNode = FALSE
	EndGlobalSection
	GlobalSection(ExtensibilityGlobals) = postSolution
		SolutionGuid = {54FDAB39-CDB4-44E8-AD23-9A8D944FA64D}
	EndGlobalSection
EndGlobal
